{
  "name": "pdf2table-poc",
  "version": "1.0.0",
  "lockfileVersion": 2,
  "requires": true,
  "packages": {
    "": {
      "name": "pdf2table-poc",
      "version": "1.0.0",
      "license": "ISC",
      "dependencies": {
        "pdf2table": "^0.0.2"
      }
    },
    "node_modules/pdf2json": {
      "version": "0.7.1",
      "resolved": "https://registry.npmjs.org/pdf2json/-/pdf2json-0.7.1.tgz",
      "integrity": "sha1-iIjXPCaTjk2Ih7Yz1uS0Qi3NMMs=",
      "bundleDependencies": [
        "xmldom",
        "underscore",
        "optimist",
        "async"
      ],
      "dependencies": {
        "async": ">=0.2.6",
        "optimist": ">=0.3.5",
        "underscore": ">=1.4.2",
        "xmldom": ">=0.1.13"
      },
      "bin": {
        "pdf2json": "bin/pdf2json"
      },
      "engines": {
        "node": ">=0.8"
      }
    },
    "node_modules/pdf2json/node_modules/async": {
      "version": "0.2.6",
      "inBundle": true
    },
    "node_modules/pdf2json/node_modules/optimist": {
      "version": "0.3.5",
      "inBundle": true,
      "license": "MIT/X11",
      "dependencies": {
        "wordwrap": "~0.0.2"
      }
    },
    "node_modules/pdf2json/node_modules/optimist/node_modules/wordwrap": {
      "version": "0.0.2",
      "inBundle": true,
      "license": "MIT/X11",
      "engines": {
        "node": ">=0.4.0"
      }
    },
    "node_modules/pdf2json/node_modules/underscore": {
      "version": "1.4.4",
      "inBundle": true
    },
    "node_modules/pdf2json/node_modules/xmldom": {
      "version": "0.1.13",
      "inBundle": true,
      "engines": {
        "node": ">=0.1"
      }
    },
    "node_modules/pdf2table": {
      "version": "0.0.2",
      "resolved": "https://registry.npmjs.org/pdf2table/-/pdf2table-0.0.2.tgz",
      "integrity": "sha1-wXgFVIAd88Ytb5tQ1mGUTS+oUE0=",
      "dependencies": {
        "pdf2json": "^0.7.1"
      }
    }
  },
  "dependencies": {
    "pdf2json": {
      "version": "0.7.1",
      "resolved": "https://registry.npmjs.org/pdf2json/-/pdf2json-0.7.1.tgz",
      "integrity": "sha1-iIjXPCaTjk2Ih7Yz1uS0Qi3NMMs=",
      "requires": {
        "async": ">=0.2.6",
        "optimist": ">=0.3.5",
        "underscore": ">=1.4.2",
        "xmldom": ">=0.1.13"
      },
      "dependencies": {
        "async": {
          "version": "0.2.6",
          "bundled": true
        },
        "optimist": {
          "version": "0.3.5",
          "bundled": true,
          "requires": {
            "wordwrap": "~0.0.2"
          },
          "dependencies": {
            "wordwrap": {
              "version": "0.0.2",
              "bundled": true
            }
          }
        },
        "underscore": {
          "version": "1.4.4",
          "bundled": true
        },
        "xmldom": {
          "version": "0.1.13",
          "bundled": true
        }
      }
    },
    "pdf2table": {
      "version": "0.0.2",
      "resolved": "https://registry.npmjs.org/pdf2table/-/pdf2table-0.0.2.tgz",
      "integrity": "sha1-wXgFVIAd88Ytb5tQ1mGUTS+oUE0=",
      "requires": {
        "pdf2json": "^0.7.1"
      }
    }
  }
}
